{
  "name": "agent-voice",
  "version": "0.3.0",
  "lockfileVersion": 3,
  "requires": true,
  "packages": {
    "": {
      "name": "agent-voice",
      "version": "0.3.0",
      "license": "MIT",
      "bin": {
        "agent-voice": "bin/launch.sh",
        "forge-voice": "bin/launch.sh"
      },
      "devDependencies": {
        "@echogarden/espeak-ng-emscripten": "0.3.5",
        "@xterm/headless": "6.0.0"
      },
      "engines": {
        "node": ">=22"
      }
    },
    "node_modules/@echogarden/espeak-ng-emscripten": {
      "version": "0.3.5",
      "resolved": "https://registry.npmjs.org/@echogarden/espeak-ng-emscripten/-/espeak-ng-emscripten-0.3.5.tgz",
      "integrity": "sha512-Izbkm7NWccwb//RKgOp1/0k21StKN1DFIn+K7GU1XN7n6pmSi4bsk/0tYUsgQbysC4GVyrVompNmLInU/BFE+A==",
      "dev": true,
      "license": "GPL-3.0"
    },
    "node_modules/@xterm/headless": {
      "version": "6.0.0",
      "resolved": "https://registry.npmjs.org/@xterm/headless/-/headless-6.0.0.tgz",
      "integrity": "sha512-5Yj1QINYCyzrZtf8OFIHi47iQtI+0qYFPHmouEfG8dHNxbZ9Tb9YGSuLcsEwj9Z+OL75GJqPyJbyoFer80a2Hw==",
      "dev": true,
      "license": "MIT",
      "workspaces": [
        "addons/*"
      ]
    }
  }
}
